
Microsoft Visual Studio Solution File, Format Version 12.00
# Visual Studio Version 17
VisualStudioVersion = 17.0.31903.59
MinimumVisualStudioVersion = 10.0.40219.1
Project("{FAE04EC0-301F-11D3-BF4B-00C04F79EFBC}") = "DueTime.UI", "DueTime.UI\DueTime.UI.csproj", "{46A397A7-396D-4584-B803-0A382C5AAF3D}"
EndProject
Project("{FAE04EC0-301F-11D3-BF4B-00C04F79EFBC}") = "DueTime.Data", "DueTime.Data\DueTime.Data.csproj", "{C2112855-B41C-49BF-B2C1-42566869FC72}"
EndProject
Project("{FAE04EC0-301F-11D3-BF4B-00C04F79EFBC}") = "DueTime.Tracking", "DueTime.Tracking\DueTime.Tracking.csproj", "{34B42C00-8829-488C-987E-1DF13F45F4BA}"
EndProject
Project("{FAE04EC0-301F-11D3-BF4B-00C04F79EFBC}") = "DueTime.Tests", "DueTime.Tests\DueTime.Tests.csproj", "{1BAE5D57-274A-4968-B7CD-1CF35B7F2969}"
EndProject
Global
	GlobalSection(SolutionConfigurationPlatforms) = preSolution
		Debug|Any CPU = Debug|Any CPU
		Debug|x64 = Debug|x64
		Debug|x86 = Debug|x86
		Release|Any CPU = Release|Any CPU
		Release|x64 = Release|x64
		Release|x86 = Release|x86
	EndGlobalSection
	GlobalSection(ProjectConfigurationPlatforms) = postSolution
		{46A397A7-396D-4584-B803-0A382C5AAF3D}.Debug|Any CPU.ActiveCfg = Debug|Any CPU
		{46A397A7-396D-4584-B803-0A382C5AAF3D}.Debug|Any CPU.Build.0 = Debug|Any CPU
		{46A397A7-396D-4584-B803-0A382C5AAF3D}.Debug|x64.ActiveCfg = Debug|Any CPU
		{46A397A7-396D-4584-B803-0A382C5AAF3D}.Debug|x64.Build.0 = Debug|Any CPU
		{46A397A7-396D-4584-B803-0A382C5AAF3D}.Debug|x86.ActiveCfg = Debug|Any CPU
		{46A397A7-396D-4584-B803-0A382C5AAF3D}.Debug|x86.Build.0 = Debug|Any CPU
		{46A397A7-396D-4584-B803-0A382C5AAF3D}.Release|Any CPU.ActiveCfg = Release|Any CPU
		{46A397A7-396D-4584-B803-0A382C5AAF3D}.Release|Any CPU.Build.0 = Release|Any CPU
		{46A397A7-396D-4584-B803-0A382C5AAF3D}.Release|x64.ActiveCfg = Release|Any CPU
		{46A397A7-396D-4584-B803-0A382C5AAF3D}.Release|x64.Build.0 = Release|Any CPU
		{46A397A7-396D-4584-B803-0A382C5AAF3D}.Release|x86.ActiveCfg = Release|Any CPU
		{46A397A7-396D-4584-B803-0A382C5AAF3D}.Release|x86.Build.0 = Release|Any CPU
		{C2112855-B41C-49BF-B2C1-42566869FC72}.Debug|Any CPU.ActiveCfg = Debug|Any CPU
		{C2112855-B41C-49BF-B2C1-42566869FC72}.Debug|Any CPU.Build.0 = Debug|Any CPU
		{C2112855-B41C-49BF-B2C1-42566869FC72}.Debug|x64.ActiveCfg = Debug|Any CPU
		{C2112855-B41C-49BF-B2C1-42566869FC72}.Debug|x64.Build.0 = Debug|Any CPU
		{C2112855-B41C-49BF-B2C1-42566869FC72}.Debug|x86.ActiveCfg = Debug|Any CPU
		{C2112855-B41C-49BF-B2C1-42566869FC72}.Debug|x86.Build.0 = Debug|Any CPU
		{C2112855-B41C-49BF-B2C1-42566869FC72}.Release|Any CPU.ActiveCfg = Release|Any CPU
		{C2112855-B41C-49BF-B2C1-42566869FC72}.Release|Any CPU.Build.0 = Release|Any CPU
		{C2112855-B41C-49BF-B2C1-42566869FC72}.Release|x64.ActiveCfg = Release|Any CPU
		{C2112855-B41C-49BF-B2C1-42566869FC72}.Release|x64.Build.0 = Release|Any CPU
		{C2112855-B41C-49BF-B2C1-42566869FC72}.Release|x86.ActiveCfg = Release|Any CPU
		{C2112855-B41C-49BF-B2C1-42566869FC72}.Release|x86.Build.0 = Release|Any CPU
		{34B42C00-8829-488C-987E-1DF13F45F4BA}.Debug|Any CPU.ActiveCfg = Debug|Any CPU
		{34B42C00-8829-488C-987E-1DF13F45F4BA}.Debug|Any CPU.Build.0 = Debug|Any CPU
		{34B42C00-8829-488C-987E-1DF13F45F4BA}.Debug|x64.ActiveCfg = Debug|Any CPU
		{34B42C00-8829-488C-987E-1DF13F45F4BA}.Debug|x64.Build.0 = Debug|Any CPU
		{34B42C00-8829-488C-987E-1DF13F45F4BA}.Debug|x86.ActiveCfg = Debug|Any CPU
		{34B42C00-8829-488C-987E-1DF13F45F4BA}.Debug|x86.Build.0 = Debug|Any CPU
		{34B42C00-8829-488C-987E-1DF13F45F4BA}.Release|Any CPU.ActiveCfg = Release|Any CPU
		{34B42C00-8829-488C-987E-1DF13F45F4BA}.Release|Any CPU.Build.0 = Release|Any CPU
		{34B42C00-8829-488C-987E-1DF13F45F4BA}.Release|x64.ActiveCfg = Release|Any CPU
		{34B42C00-8829-488C-987E-1DF13F45F4BA}.Release|x64.Build.0 = Release|Any CPU
		{34B42C00-8829-488C-987E-1DF13F45F4BA}.Release|x86.ActiveCfg = Release|Any CPU
		{34B42C00-8829-488C-987E-1DF13F45F4BA}.Release|x86.Build.0 = Release|Any CPU
		{1BAE5D57-274A-4968-B7CD-1CF35B7F2969}.Debug|Any CPU.ActiveCfg = Debug|Any CPU
		{1BAE5D57-274A-4968-B7CD-1CF35B7F2969}.Debug|Any CPU.Build.0 = Debug|Any CPU
		{1BAE5D57-274A-4968-B7CD-1CF35B7F2969}.Debug|x64.ActiveCfg = Debug|Any CPU
		{1BAE5D57-274A-4968-B7CD-1CF35B7F2969}.Debug|x64.Build.0 = Debug|Any CPU
		{1BAE5D57-274A-4968-B7CD-1CF35B7F2969}.Debug|x86.ActiveCfg = Debug|Any CPU
		{1BAE5D57-274A-4968-B7CD-1CF35B7F2969}.Debug|x86.Build.0 = Debug|Any CPU
		{1BAE5D57-274A-4968-B7CD-1CF35B7F2969}.Release|Any CPU.ActiveCfg = Release|Any CPU
		{1BAE5D57-274A-4968-B7CD-1CF35B7F2969}.Release|Any CPU.Build.0 = Release|Any CPU
		{1BAE5D57-274A-4968-B7CD-1CF35B7F2969}.Release|x64.ActiveCfg = Release|Any CPU
		{1BAE5D57-274A-4968-B7CD-1CF35B7F2969}.Release|x64.Build.0 = Release|Any CPU
		{1BAE5D57-274A-4968-B7CD-1CF35B7F2969}.Release|x86.ActiveCfg = Release|Any CPU
		{1BAE5D57-274A-4968-B7CD-1CF35B7F2969}.Release|x86.Build.0 = Release|Any CPU
	EndGlobalSection
	GlobalSection(SolutionProperties) = preSolution
		HideSolutionNode = FALSE
	EndGlobalSection
EndGlobal
