
Microsoft Visual Studio Solution File, Format Version 12.00
# Visual Studio Version 17
VisualStudioVersion = 17.0.31903.59
MinimumVisualStudioVersion = 10.0.40219.1
Project("{FAE04EC0-301F-11D3-BF4B-00C04F79EFBC}") = "DueTime.UI", "DueTime.UI\DueTime.UI.csproj", "{E49AA255-235D-4D11-AB56-3A47D69C9C38}"
EndProject
Project("{FAE04EC0-301F-11D3-BF4B-00C04F79EFBC}") = "DueTime.Data", "DueTime.Data\DueTime.Data.csproj", "{086E56EA-BBC4-453C-A660-40B8E56D3CD2}"
EndProject
Project("{FAE04EC0-301F-11D3-BF4B-00C04F79EFBC}") = "DueTime.Tracking", "DueTime.Tracking\DueTime.Tracking.csproj", "{517D6F6F-35D0-41B0-BCB6-B3699A99BB12}"
EndProject
Project("{FAE04EC0-301F-11D3-BF4B-00C04F79EFBC}") = "DueTime.Tests", "DueTime.Tests\DueTime.Tests.csproj", "{E279882C-ABD5-47A1-9652-6580DA464D36}"
EndProject
Global
	GlobalSection(SolutionConfigurationPlatforms) = preSolution
		Debug|Any CPU = Debug|Any CPU
		Debug|x64 = Debug|x64
		Debug|x86 = Debug|x86
		Release|Any CPU = Release|Any CPU
		Release|x64 = Release|x64
		Release|x86 = Release|x86
	EndGlobalSection
	GlobalSection(ProjectConfigurationPlatforms) = postSolution
		{E49AA255-235D-4D11-AB56-3A47D69C9C38}.Debug|Any CPU.ActiveCfg = Debug|Any CPU
		{E49AA255-235D-4D11-AB56-3A47D69C9C38}.Debug|Any CPU.Build.0 = Debug|Any CPU
		{E49AA255-235D-4D11-AB56-3A47D69C9C38}.Debug|x64.ActiveCfg = Debug|Any CPU
		{E49AA255-235D-4D11-AB56-3A47D69C9C38}.Debug|x64.Build.0 = Debug|Any CPU
		{E49AA255-235D-4D11-AB56-3A47D69C9C38}.Debug|x86.ActiveCfg = Debug|Any CPU
		{E49AA255-235D-4D11-AB56-3A47D69C9C38}.Debug|x86.Build.0 = Debug|Any CPU
		{E49AA255-235D-4D11-AB56-3A47D69C9C38}.Release|Any CPU.ActiveCfg = Release|Any CPU
		{E49AA255-235D-4D11-AB56-3A47D69C9C38}.Release|Any CPU.Build.0 = Release|Any CPU
		{E49AA255-235D-4D11-AB56-3A47D69C9C38}.Release|x64.ActiveCfg = Release|Any CPU
		{E49AA255-235D-4D11-AB56-3A47D69C9C38}.Release|x64.Build.0 = Release|Any CPU
		{E49AA255-235D-4D11-AB56-3A47D69C9C38}.Release|x86.ActiveCfg = Release|Any CPU
		{E49AA255-235D-4D11-AB56-3A47D69C9C38}.Release|x86.Build.0 = Release|Any CPU
		{086E56EA-BBC4-453C-A660-40B8E56D3CD2}.Debug|Any CPU.ActiveCfg = Debug|Any CPU
		{086E56EA-BBC4-453C-A660-40B8E56D3CD2}.Debug|Any CPU.Build.0 = Debug|Any CPU
		{086E56EA-BBC4-453C-A660-40B8E56D3CD2}.Debug|x64.ActiveCfg = Debug|Any CPU
		{086E56EA-BBC4-453C-A660-40B8E56D3CD2}.Debug|x64.Build.0 = Debug|Any CPU
		{086E56EA-BBC4-453C-A660-40B8E56D3CD2}.Debug|x86.ActiveCfg = Debug|Any CPU
		{086E56EA-BBC4-453C-A660-40B8E56D3CD2}.Debug|x86.Build.0 = Debug|Any CPU
		{086E56EA-BBC4-453C-A660-40B8E56D3CD2}.Release|Any CPU.ActiveCfg = Release|Any CPU
		{086E56EA-BBC4-453C-A660-40B8E56D3CD2}.Release|Any CPU.Build.0 = Release|Any CPU
		{086E56EA-BBC4-453C-A660-40B8E56D3CD2}.Release|x64.ActiveCfg = Release|Any CPU
		{086E56EA-BBC4-453C-A660-40B8E56D3CD2}.Release|x64.Build.0 = Release|Any CPU
		{086E56EA-BBC4-453C-A660-40B8E56D3CD2}.Release|x86.ActiveCfg = Release|Any CPU
		{086E56EA-BBC4-453C-A660-40B8E56D3CD2}.Release|x86.Build.0 = Release|Any CPU
		{517D6F6F-35D0-41B0-BCB6-B3699A99BB12}.Debug|Any CPU.ActiveCfg = Debug|Any CPU
		{517D6F6F-35D0-41B0-BCB6-B3699A99BB12}.Debug|Any CPU.Build.0 = Debug|Any CPU
		{517D6F6F-35D0-41B0-BCB6-B3699A99BB12}.Debug|x64.ActiveCfg = Debug|Any CPU
		{517D6F6F-35D0-41B0-BCB6-B3699A99BB12}.Debug|x64.Build.0 = Debug|Any CPU
		{517D6F6F-35D0-41B0-BCB6-B3699A99BB12}.Debug|x86.ActiveCfg = Debug|Any CPU
		{517D6F6F-35D0-41B0-BCB6-B3699A99BB12}.Debug|x86.Build.0 = Debug|Any CPU
		{517D6F6F-35D0-41B0-BCB6-B3699A99BB12}.Release|Any CPU.ActiveCfg = Release|Any CPU
		{517D6F6F-35D0-41B0-BCB6-B3699A99BB12}.Release|Any CPU.Build.0 = Release|Any CPU
		{517D6F6F-35D0-41B0-BCB6-B3699A99BB12}.Release|x64.ActiveCfg = Release|Any CPU
		{517D6F6F-35D0-41B0-BCB6-B3699A99BB12}.Release|x64.Build.0 = Release|Any CPU
		{517D6F6F-35D0-41B0-BCB6-B3699A99BB12}.Release|x86.ActiveCfg = Release|Any CPU
		{517D6F6F-35D0-41B0-BCB6-B3699A99BB12}.Release|x86.Build.0 = Release|Any CPU
		{E279882C-ABD5-47A1-9652-6580DA464D36}.Debug|Any CPU.ActiveCfg = Debug|Any CPU
		{E279882C-ABD5-47A1-9652-6580DA464D36}.Debug|Any CPU.Build.0 = Debug|Any CPU
		{E279882C-ABD5-47A1-9652-6580DA464D36}.Debug|x64.ActiveCfg = Debug|Any CPU
		{E279882C-ABD5-47A1-9652-6580DA464D36}.Debug|x64.Build.0 = Debug|Any CPU
		{E279882C-ABD5-47A1-9652-6580DA464D36}.Debug|x86.ActiveCfg = Debug|Any CPU
		{E279882C-ABD5-47A1-9652-6580DA464D36}.Debug|x86.Build.0 = Debug|Any CPU
		{E279882C-ABD5-47A1-9652-6580DA464D36}.Release|Any CPU.ActiveCfg = Release|Any CPU
		{E279882C-ABD5-47A1-9652-6580DA464D36}.Release|Any CPU.Build.0 = Release|Any CPU
		{E279882C-ABD5-47A1-9652-6580DA464D36}.Release|x64.ActiveCfg = Release|Any CPU
		{E279882C-ABD5-47A1-9652-6580DA464D36}.Release|x64.Build.0 = Release|Any CPU
		{E279882C-ABD5-47A1-9652-6580DA464D36}.Release|x86.ActiveCfg = Release|Any CPU
		{E279882C-ABD5-47A1-9652-6580DA464D36}.Release|x86.Build.0 = Release|Any CPU
	EndGlobalSection
	GlobalSection(SolutionProperties) = preSolution
		HideSolutionNode = FALSE
	EndGlobalSection
EndGlobal
